
Microsoft Visual Studio Solution File, Format Version 12.00
# Visual Studio Version 17
VisualStudioVersion = 17.7.34221.43
MinimumVisualStudioVersion = 10.0.40219.1
Project("{FAE04EC0-301F-11D3-BF4B-00C04F79EFBC}") = "PlantGenius.GUI", "PlantGenius.GUI/PlantGenius.GUI.csproj", "{179310D2-5792-4171-8952-C88DFB3ADE36}"
EndProject
Global
	GlobalSection(SolutionConfigurationPlatforms) = preSolution
		Debug|Any CPU = Debug|Any CPU
		Release|Any CPU = Release|Any CPU
	EndGlobalSection
	GlobalSection(ProjectConfigurationPlatforms) = postSolution
		{179310D2-5792-4171-8952-C88DFB3ADE36}.Debug|Any CPU.ActiveCfg = Debug|Any CPU
		{179310D2-5792-4171-8952-C88DFB3ADE36}.Debug|Any CPU.Build.0 = Debug|Any CPU
		{179310D2-5792-4171-8952-C88DFB3ADE36}.Release|Any CPU.ActiveCfg = Release|Any CPU
		{179310D2-5792-4171-8952-C88DFB3ADE36}.Release|Any CPU.Build.0 = Release|Any CPU
	EndGlobalSection
	GlobalSection(SolutionProperties) = preSolution
		HideSolutionNode = FALSE
	EndGlobalSection
	GlobalSection(ExtensibilityGlobals) = postSolution
		SolutionGuid = {54F0BA75-D398-478D-83CA-8F5DDD8C8B83}
	EndGlobalSection
EndGlobal
