
Microsoft Visual Studio Solution File, Format Version 12.00
# Visual Studio Version 17
VisualStudioVersion = 17.7.34221.43
MinimumVisualStudioVersion = 10.0.40219.1
Project("{9A19103F-16F7-4668-BE54-9A1E7A4F7556}") = "PlantGenius.GUI", "PlantGenius.GUI\PlantGenius.GUI.csproj", "{179310D2-5792-4171-8952-C88DFB3ADE36}"
EndProject
Project("{9A19103F-16F7-4668-BE54-9A1E7A4F7556}") = "PlantGenius_User.GUI", "PlantGenius_User.GUI\PlantGenius_User.GUI.csproj", "{547D8DCF-7270-4AE0-A52F-06D037923D9F}"
EndProject
Project("{9A19103F-16F7-4668-BE54-9A1E7A4F7556}") = "PlantGeniusUser.GUI", "PlantGeniusUser.GUI\PlantGeniusUser.GUI.csproj", "{5535B1A8-4B87-4446-A54E-AEED38941A8E}"
EndProject
Global
	GlobalSection(SolutionConfigurationPlatforms) = preSolution
		Debug|Any CPU = Debug|Any CPU
		Release|Any CPU = Release|Any CPU
	EndGlobalSection
	GlobalSection(ProjectConfigurationPlatforms) = postSolution
		{179310D2-5792-4171-8952-C88DFB3ADE36}.Debug|Any CPU.ActiveCfg = Debug|Any CPU
		{179310D2-5792-4171-8952-C88DFB3ADE36}.Debug|Any CPU.Build.0 = Debug|Any CPU
		{179310D2-5792-4171-8952-C88DFB3ADE36}.Release|Any CPU.ActiveCfg = Release|Any CPU
		{179310D2-5792-4171-8952-C88DFB3ADE36}.Release|Any CPU.Build.0 = Release|Any CPU
		{547D8DCF-7270-4AE0-A52F-06D037923D9F}.Debug|Any CPU.ActiveCfg = Debug|Any CPU
		{547D8DCF-7270-4AE0-A52F-06D037923D9F}.Debug|Any CPU.Build.0 = Debug|Any CPU
		{547D8DCF-7270-4AE0-A52F-06D037923D9F}.Debug|Any CPU.Deploy.0 = Debug|Any CPU
		{547D8DCF-7270-4AE0-A52F-06D037923D9F}.Release|Any CPU.ActiveCfg = Release|Any CPU
		{547D8DCF-7270-4AE0-A52F-06D037923D9F}.Release|Any CPU.Build.0 = Release|Any CPU
		{547D8DCF-7270-4AE0-A52F-06D037923D9F}.Release|Any CPU.Deploy.0 = Release|Any CPU
		{5535B1A8-4B87-4446-A54E-AEED38941A8E}.Debug|Any CPU.ActiveCfg = Debug|Any CPU
		{5535B1A8-4B87-4446-A54E-AEED38941A8E}.Debug|Any CPU.Build.0 = Debug|Any CPU
		{5535B1A8-4B87-4446-A54E-AEED38941A8E}.Debug|Any CPU.Deploy.0 = Debug|Any CPU
		{5535B1A8-4B87-4446-A54E-AEED38941A8E}.Release|Any CPU.ActiveCfg = Release|Any CPU
		{5535B1A8-4B87-4446-A54E-AEED38941A8E}.Release|Any CPU.Build.0 = Release|Any CPU
		{5535B1A8-4B87-4446-A54E-AEED38941A8E}.Release|Any CPU.Deploy.0 = Release|Any CPU
	EndGlobalSection
	GlobalSection(SolutionProperties) = preSolution
		HideSolutionNode = FALSE
	EndGlobalSection
	GlobalSection(ExtensibilityGlobals) = postSolution
		SolutionGuid = {54F0BA75-D398-478D-83CA-8F5DDD8C8B83}
	EndGlobalSection
EndGlobal
